
Microsoft Visual Studio Solution File, Format Version 12.00
# Visual Studio Version 17
VisualStudioVersion = 17.3.32611.2
MinimumVisualStudioVersion = 10.0.40219.1
Project("{FAE04EC0-301F-11D3-BF4B-00C04F79EFBC}") = "Hydrocarbon.Server", "Hydrocarbon\Server\Hydrocarbon.Server.csproj", "{B0E9386B-44C5-4E24-AE47-928123156A4A}"
EndProject
Project("{FAE04EC0-301F-11D3-BF4B-00C04F79EFBC}") = "Hydrocarbon.Client", "Hydrocarbon\Client\Hydrocarbon.Client.csproj", "{5B24A51A-F22F-4BDF-9A7B-DD87B50D25EE}"
EndProject
Project("{FAE04EC0-301F-11D3-BF4B-00C04F79EFBC}") = "Hydrocarbon.Shared", "Hydrocarbon\Shared\Hydrocarbon.Shared.csproj", "{6EB8B85E-1C73-431A-BD1A-E566B2B8C10B}"
EndProject
Global
	GlobalSection(SolutionConfigurationPlatforms) = preSolution
		Debug|Any CPU = Debug|Any CPU
		Release|Any CPU = Release|Any CPU
	EndGlobalSection
	GlobalSection(ProjectConfigurationPlatforms) = postSolution
		{B0E9386B-44C5-4E24-AE47-928123156A4A}.Debug|Any CPU.ActiveCfg = Debug|Any CPU
		{B0E9386B-44C5-4E24-AE47-928123156A4A}.Debug|Any CPU.Build.0 = Debug|Any CPU
		{B0E9386B-44C5-4E24-AE47-928123156A4A}.Release|Any CPU.ActiveCfg = Release|Any CPU
		{B0E9386B-44C5-4E24-AE47-928123156A4A}.Release|Any CPU.Build.0 = Release|Any CPU
		{5B24A51A-F22F-4BDF-9A7B-DD87B50D25EE}.Debug|Any CPU.ActiveCfg = Debug|Any CPU
		{5B24A51A-F22F-4BDF-9A7B-DD87B50D25EE}.Debug|Any CPU.Build.0 = Debug|Any CPU
		{5B24A51A-F22F-4BDF-9A7B-DD87B50D25EE}.Release|Any CPU.ActiveCfg = Release|Any CPU
		{5B24A51A-F22F-4BDF-9A7B-DD87B50D25EE}.Release|Any CPU.Build.0 = Release|Any CPU
		{6EB8B85E-1C73-431A-BD1A-E566B2B8C10B}.Debug|Any CPU.ActiveCfg = Debug|Any CPU
		{6EB8B85E-1C73-431A-BD1A-E566B2B8C10B}.Debug|Any CPU.Build.0 = Debug|Any CPU
		{6EB8B85E-1C73-431A-BD1A-E566B2B8C10B}.Release|Any CPU.ActiveCfg = Release|Any CPU
		{6EB8B85E-1C73-431A-BD1A-E566B2B8C10B}.Release|Any CPU.Build.0 = Release|Any CPU
	EndGlobalSection
	GlobalSection(SolutionProperties) = preSolution
		HideSolutionNode = FALSE
	EndGlobalSection
	GlobalSection(ExtensibilityGlobals) = postSolution
		SolutionGuid = {8F447C7B-1286-4631-832D-15C521F4A5EF}
	EndGlobalSection
EndGlobal
